
Microsoft Visual Studio Solution File, Format Version 12.00
# Visual Studio Version 17
VisualStudioVersion = 17.2.32602.215
MinimumVisualStudioVersion = 10.0.40219.1
Project("{FAE04EC0-301F-11D3-BF4B-00C04F79EFBC}") = "luisfelipe-d7-avaliacao", "luisfelipe-d7-avaliacao.csproj", "{AE33EC65-B714-4E1A-92CE-AEC0F5120427}"
EndProject
Global
	GlobalSection(SolutionConfigurationPlatforms) = preSolution
		Debug|Any CPU = Debug|Any CPU
		Release|Any CPU = Release|Any CPU
	EndGlobalSection
	GlobalSection(ProjectConfigurationPlatforms) = postSolution
		{AE33EC65-B714-4E1A-92CE-AEC0F5120427}.Debug|Any CPU.ActiveCfg = Debug|Any CPU
		{AE33EC65-B714-4E1A-92CE-AEC0F5120427}.Debug|Any CPU.Build.0 = Debug|Any CPU
		{AE33EC65-B714-4E1A-92CE-AEC0F5120427}.Release|Any CPU.ActiveCfg = Release|Any CPU
		{AE33EC65-B714-4E1A-92CE-AEC0F5120427}.Release|Any CPU.Build.0 = Release|Any CPU
	EndGlobalSection
	GlobalSection(SolutionProperties) = preSolution
		HideSolutionNode = FALSE
	EndGlobalSection
	GlobalSection(ExtensibilityGlobals) = postSolution
		SolutionGuid = {CCBD17B5-4C66-448C-B05E-0B0CA74BE727}
	EndGlobalSection
EndGlobal
